// !$*UTF8*$!
{
	archiveVersion = 1;
	classes = {
	};
	objectVersion = 46;
	objects = {

/* Begin PBXBuildFile section */
		D500B8E314F4F19400572346 /* View1.xib in Resources */ = {isa = PBXBuildFile; fileRef = D500B8E214F4F19400572346 /* View1.xib */; };
		D500B8E414F4F19400572346 /* View1.xib in Resources */ = {isa = PBXBuildFile; fileRef = D500B8E214F4F19400572346 /* View1.xib */; };
		D500B8E614F4F1A900572346 /* View2.xib in Resources */ = {isa = PBXBuildFile; fileRef = D500B8E514F4F1A900572346 /* View2.xib */; };
		D500B8E714F4F1A900572346 /* View2.xib in Resources */ = {isa = PBXBuildFile; fileRef = D500B8E514F4F1A900572346 /* View2.xib */; };
		D520C52514F78DAB00D2F63B /* TouchImage.m in Sources */ = {isa = PBXBuildFile; fileRef = D520C52414F78DAB00D2F63B /* TouchImage.m */; };
		D562799314F3A29F006CE0E4 /* RFPageNavigator.m in Sources */ = {isa = PBXBuildFile; fileRef = D562799114F3A29F006CE0E4 /* RFPageNavigator.m */; };
		D562799414F3A29F006CE0E4 /* RFPageNavigator.m in Sources */ = {isa = PBXBuildFile; fileRef = D562799114F3A29F006CE0E4 /* RFPageNavigator.m */; };
		D562799514F3A29F006CE0E4 /* RFPageNavigator.xib in Resources */ = {isa = PBXBuildFile; fileRef = D562799214F3A29F006CE0E4 /* RFPageNavigator.xib */; };
		D562799614F3A29F006CE0E4 /* RFPageNavigator.xib in Resources */ = {isa = PBXBuildFile; fileRef = D562799214F3A29F006CE0E4 /* RFPageNavigator.xib */; };
		D56F885014F202D1009D8F80 /* IMG_1184.jpg in Resources */ = {isa = PBXBuildFile; fileRef = D56F884C14F202D1009D8F80 /* IMG_1184.jpg */; };
		D56F885114F202D1009D8F80 /* IMG_1184.jpg in Resources */ = {isa = PBXBuildFile; fileRef = D56F884C14F202D1009D8F80 /* IMG_1184.jpg */; };
		D56F885214F202D1009D8F80 /* IMG_1231.jpg in Resources */ = {isa = PBXBuildFile; fileRef = D56F884D14F202D1009D8F80 /* IMG_1231.jpg */; };
		D56F885314F202D1009D8F80 /* IMG_1231.jpg in Resources */ = {isa = PBXBuildFile; fileRef = D56F884D14F202D1009D8F80 /* IMG_1231.jpg */; };
		D56F885414F202D1009D8F80 /* IMG_1242.jpg in Resources */ = {isa = PBXBuildFile; fileRef = D56F884E14F202D1009D8F80 /* IMG_1242.jpg */; };
		D56F885514F202D1009D8F80 /* IMG_1242.jpg in Resources */ = {isa = PBXBuildFile; fileRef = D56F884E14F202D1009D8F80 /* IMG_1242.jpg */; };
		D56F885614F202D1009D8F80 /* IMG_1244.jpg in Resources */ = {isa = PBXBuildFile; fileRef = D56F884F14F202D1009D8F80 /* IMG_1244.jpg */; };
		D56F885714F202D1009D8F80 /* IMG_1244.jpg in Resources */ = {isa = PBXBuildFile; fileRef = D56F884F14F202D1009D8F80 /* IMG_1244.jpg */; };
		D56F885F14F241FA009D8F80 /* IMG_1175.jpg in Resources */ = {isa = PBXBuildFile; fileRef = D56F885E14F241FA009D8F80 /* IMG_1175.jpg */; };
		D56F886014F241FA009D8F80 /* IMG_1175.jpg in Resources */ = {isa = PBXBuildFile; fileRef = D56F885E14F241FA009D8F80 /* IMG_1175.jpg */; };
		D578895B14FB7BF600722D54 /* Untitled-0.jpg in Resources */ = {isa = PBXBuildFile; fileRef = D578895914FB7BF600722D54 /* Untitled-0.jpg */; };
		D578895C14FB7BF600722D54 /* Untitled-1.jpg in Resources */ = {isa = PBXBuildFile; fileRef = D578895A14FB7BF600722D54 /* Untitled-1.jpg */; };
		D58D55DD14F1DBF000166776 /* UIKit.framework in Frameworks */ = {isa = PBXBuildFile; fileRef = D58D55DC14F1DBF000166776 /* UIKit.framework */; };
		D58D55DF14F1DBF000166776 /* Foundation.framework in Frameworks */ = {isa = PBXBuildFile; fileRef = D58D55DE14F1DBF000166776 /* Foundation.framework */; };
		D58D55E114F1DBF000166776 /* CoreGraphics.framework in Frameworks */ = {isa = PBXBuildFile; fileRef = D58D55E014F1DBF000166776 /* CoreGraphics.framework */; };
		D58D55E714F1DBF000166776 /* InfoPlist.strings in Resources */ = {isa = PBXBuildFile; fileRef = D58D55E514F1DBF000166776 /* InfoPlist.strings */; };
		D58D55E914F1DBF000166776 /* main.m in Sources */ = {isa = PBXBuildFile; fileRef = D58D55E814F1DBF000166776 /* main.m */; };
		D58D55ED14F1DBF000166776 /* AppDelegate.m in Sources */ = {isa = PBXBuildFile; fileRef = D58D55EC14F1DBF000166776 /* AppDelegate.m */; };
		D58D55F014F1DBF000166776 /* ViewController.m in Sources */ = {isa = PBXBuildFile; fileRef = D58D55EF14F1DBF000166776 /* ViewController.m */; settings = {COMPILER_FLAGS = "-fno-objc-arc"; }; };
		D58D55F314F1DBF000166776 /* ViewController.xib in Resources */ = {isa = PBXBuildFile; fileRef = D58D55F114F1DBF000166776 /* ViewController.xib */; };
		D58D55FB14F1DBF000166776 /* SenTestingKit.framework in Frameworks */ = {isa = PBXBuildFile; fileRef = D58D55FA14F1DBF000166776 /* SenTestingKit.framework */; };
		D58D55FC14F1DBF000166776 /* UIKit.framework in Frameworks */ = {isa = PBXBuildFile; fileRef = D58D55DC14F1DBF000166776 /* UIKit.framework */; };
		D58D55FD14F1DBF000166776 /* Foundation.framework in Frameworks */ = {isa = PBXBuildFile; fileRef = D58D55DE14F1DBF000166776 /* Foundation.framework */; };
		D58D560514F1DBF000166776 /* InfoPlist.strings in Resources */ = {isa = PBXBuildFile; fileRef = D58D560314F1DBF000166776 /* InfoPlist.strings */; };
		D58D560814F1DBF000166776 /* RFUI_ExampleTests.m in Sources */ = {isa = PBXBuildFile; fileRef = D58D560714F1DBF000166776 /* RFUI_ExampleTests.m */; };
		D5A9D73214F8807100427DB7 /* RFMath.m in Sources */ = {isa = PBXBuildFile; fileRef = D5A9D73114F8807100427DB7 /* RFMath.m */; };
		D5A9D73314F8807100427DB7 /* RFMath.m in Sources */ = {isa = PBXBuildFile; fileRef = D5A9D73114F8807100427DB7 /* RFMath.m */; };
		D5A9D73514F8AA7B00427DB7 /* QuartzCore.framework in Frameworks */ = {isa = PBXBuildFile; fileRef = D5A9D73414F8AA7B00427DB7 /* QuartzCore.framework */; };
		D5EF23CA14F1DFA3000EEB36 /* SidePanel-bg.png in Resources */ = {isa = PBXBuildFile; fileRef = D5EF23C214F1DFA3000EEB36 /* SidePanel-bg.png */; };
		D5EF23CB14F1DFA3000EEB36 /* SidePanel-bg.png in Resources */ = {isa = PBXBuildFile; fileRef = D5EF23C214F1DFA3000EEB36 /* SidePanel-bg.png */; };
		D5EF23CC14F1DFA3000EEB36 /* SidePanel-off.active.png in Resources */ = {isa = PBXBuildFile; fileRef = D5EF23C314F1DFA3000EEB36 /* SidePanel-off.active.png */; };
		D5EF23CD14F1DFA3000EEB36 /* SidePanel-off.active.png in Resources */ = {isa = PBXBuildFile; fileRef = D5EF23C314F1DFA3000EEB36 /* SidePanel-off.active.png */; };
		D5EF23CE14F1DFA3000EEB36 /* SidePanel-off.png in Resources */ = {isa = PBXBuildFile; fileRef = D5EF23C414F1DFA3000EEB36 /* SidePanel-off.png */; };
		D5EF23CF14F1DFA3000EEB36 /* SidePanel-off.png in Resources */ = {isa = PBXBuildFile; fileRef = D5EF23C414F1DFA3000EEB36 /* SidePanel-off.png */; };
		D5EF23D014F1DFA3000EEB36 /* SidePanel-on.active.png in Resources */ = {isa = PBXBuildFile; fileRef = D5EF23C514F1DFA3000EEB36 /* SidePanel-on.active.png */; };
		D5EF23D114F1DFA3000EEB36 /* SidePanel-on.active.png in Resources */ = {isa = PBXBuildFile; fileRef = D5EF23C514F1DFA3000EEB36 /* SidePanel-on.active.png */; };
		D5EF23D214F1DFA3000EEB36 /* SidePanel-on.png in Resources */ = {isa = PBXBuildFile; fileRef = D5EF23C614F1DFA3000EEB36 /* SidePanel-on.png */; };
		D5EF23D314F1DFA3000EEB36 /* SidePanel-on.png in Resources */ = {isa = PBXBuildFile; fileRef = D5EF23C614F1DFA3000EEB36 /* SidePanel-on.png */; };
		D5EF23D414F1DFA3000EEB36 /* RFSidePanel.m in Sources */ = {isa = PBXBuildFile; fileRef = D5EF23C814F1DFA3000EEB36 /* RFSidePanel.m */; settings = {COMPILER_FLAGS = "-fno-objc-arc"; }; };
		D5EF23D514F1DFA3000EEB36 /* RFSidePanel.m in Sources */ = {isa = PBXBuildFile; fileRef = D5EF23C814F1DFA3000EEB36 /* RFSidePanel.m */; };
		D5EF23D614F1DFA3000EEB36 /* RFSidePanel.xib in Resources */ = {isa = PBXBuildFile; fileRef = D5EF23C914F1DFA3000EEB36 /* RFSidePanel.xib */; };
		D5EF23D714F1DFA3000EEB36 /* RFSidePanel.xib in Resources */ = {isa = PBXBuildFile; fileRef = D5EF23C914F1DFA3000EEB36 /* RFSidePanel.xib */; };
		D5EF23ED14F1E55D000EEB36 /* dout.m in Sources */ = {isa = PBXBuildFile; fileRef = D5EF23E514F1E55D000EEB36 /* dout.m */; };
		D5EF23EE14F1E55D000EEB36 /* dout.m in Sources */ = {isa = PBXBuildFile; fileRef = D5EF23E514F1E55D000EEB36 /* dout.m */; };
		D5EF23F314F1E55D000EEB36 /* RFKit.m in Sources */ = {isa = PBXBuildFile; fileRef = D5EF23EA14F1E55D000EEB36 /* RFKit.m */; settings = {COMPILER_FLAGS = "-fno-objc-arc"; }; };
		D5EF23F414F1E55D000EEB36 /* RFKit.m in Sources */ = {isa = PBXBuildFile; fileRef = D5EF23EA14F1E55D000EEB36 /* RFKit.m */; };
		D5EF23F914F1EE63000EEB36 /* RFImageTimeTunnel.m in Sources */ = {isa = PBXBuildFile; fileRef = D5EF23F714F1EE63000EEB36 /* RFImageTimeTunnel.m */; };
		D5EF23FA14F1EE63000EEB36 /* RFImageTimeTunnel.m in Sources */ = {isa = PBXBuildFile; fileRef = D5EF23F714F1EE63000EEB36 /* RFImageTimeTunnel.m */; };
		D5EF23FB14F1EE63000EEB36 /* RFImageTimeTunnel.xib in Resources */ = {isa = PBXBuildFile; fileRef = D5EF23F814F1EE63000EEB36 /* RFImageTimeTunnel.xib */; };
		D5EF23FC14F1EE63000EEB36 /* RFImageTimeTunnel.xib in Resources */ = {isa = PBXBuildFile; fileRef = D5EF23F814F1EE63000EEB36 /* RFImageTimeTunnel.xib */; };
/* End PBXBuildFile section */

/* Begin PBXContainerItemProxy section */
		D58D55FE14F1DBF000166776 /* PBXContainerItemProxy */ = {
			isa = PBXContainerItemProxy;
			containerPortal = D58D55CF14F1DBF000166776 /* Project object */;
			proxyType = 1;
			remoteGlobalIDString = D58D55D714F1DBF000166776;
			remoteInfo = "RFUI Example";
		};
/* End PBXContainerItemProxy section */

/* Begin PBXFileReference section */
		D500B8E214F4F19400572346 /* View1.xib */ = {isa = PBXFileReference; fileEncoding = 4; lastKnownFileType = file.xib; name = View1.xib; path = Recource/View1.xib; sourceTree = SOURCE_ROOT; };
		D500B8E514F4F1A900572346 /* View2.xib */ = {isa = PBXFileReference; fileEncoding = 4; lastKnownFileType = file.xib; name = View2.xib; path = Recource/View2.xib; sourceTree = SOURCE_ROOT; };
		D520C52314F78DAB00D2F63B /* TouchImage.h */ = {isa = PBXFileReference; fileEncoding = 4; lastKnownFileType = sourcecode.c.h; path = TouchImage.h; sourceTree = "<group>"; };
		D520C52414F78DAB00D2F63B /* TouchImage.m */ = {isa = PBXFileReference; fileEncoding = 4; lastKnownFileType = sourcecode.c.objc; path = TouchImage.m; sourceTree = "<group>"; };
		D562799014F3A29F006CE0E4 /* RFPageNavigator.h */ = {isa = PBXFileReference; fileEncoding = 4; lastKnownFileType = sourcecode.c.h; name = RFPageNavigator.h; path = ../../../RFPageRreviewNavigater/RFPageNavigator.h; sourceTree = "<group>"; };
		D562799114F3A29F006CE0E4 /* RFPageNavigator.m */ = {isa = PBXFileReference; fileEncoding = 4; lastKnownFileType = sourcecode.c.objc; name = RFPageNavigator.m; path = ../../../RFPageRreviewNavigater/RFPageNavigator.m; sourceTree = "<group>"; };
		D562799214F3A29F006CE0E4 /* RFPageNavigator.xib */ = {isa = PBXFileReference; fileEncoding = 4; lastKnownFileType = file.xib; name = RFPageNavigator.xib; path = ../../../RFPageRreviewNavigater/RFPageNavigator.xib; sourceTree = "<group>"; };
		D56F884C14F202D1009D8F80 /* IMG_1184.jpg */ = {isa = PBXFileReference; lastKnownFileType = image.jpeg; path = IMG_1184.jpg; sourceTree = "<group>"; };
		D56F884D14F202D1009D8F80 /* IMG_1231.jpg */ = {isa = PBXFileReference; lastKnownFileType = image.jpeg; path = IMG_1231.jpg; sourceTree = "<group>"; };
		D56F884E14F202D1009D8F80 /* IMG_1242.jpg */ = {isa = PBXFileReference; lastKnownFileType = image.jpeg; path = IMG_1242.jpg; sourceTree = "<group>"; };
		D56F884F14F202D1009D8F80 /* IMG_1244.jpg */ = {isa = PBXFileReference; lastKnownFileType = image.jpeg; path = IMG_1244.jpg; sourceTree = "<group>"; };
		D56F885E14F241FA009D8F80 /* IMG_1175.jpg */ = {isa = PBXFileReference; lastKnownFileType = image.jpeg; path = IMG_1175.jpg; sourceTree = "<group>"; };
		D578895914FB7BF600722D54 /* Untitled-0.jpg */ = {isa = PBXFileReference; lastKnownFileType = image.jpeg; path = "Untitled-0.jpg"; sourceTree = "<group>"; };
		D578895A14FB7BF600722D54 /* Untitled-1.jpg */ = {isa = PBXFileReference; lastKnownFileType = image.jpeg; path = "Untitled-1.jpg"; sourceTree = "<group>"; };
		D58D55D814F1DBF000166776 /* RFUI Example.app */ = {isa = PBXFileReference; explicitFileType = wrapper.application; includeInIndex = 0; path = "RFUI Example.app"; sourceTree = BUILT_PRODUCTS_DIR; };
		D58D55DC14F1DBF000166776 /* UIKit.framework */ = {isa = PBXFileReference; lastKnownFileType = wrapper.framework; name = UIKit.framework; path = System/Library/Frameworks/UIKit.framework; sourceTree = SDKROOT; };
		D58D55DE14F1DBF000166776 /* Foundation.framework */ = {isa = PBXFileReference; lastKnownFileType = wrapper.framework; name = Foundation.framework; path = System/Library/Frameworks/Foundation.framework; sourceTree = SDKROOT; };
		D58D55E014F1DBF000166776 /* CoreGraphics.framework */ = {isa = PBXFileReference; lastKnownFileType = wrapper.framework; name = CoreGraphics.framework; path = System/Library/Frameworks/CoreGraphics.framework; sourceTree = SDKROOT; };
		D58D55E414F1DBF000166776 /* RFUI Example-Info.plist */ = {isa = PBXFileReference; lastKnownFileType = text.plist.xml; path = "RFUI Example-Info.plist"; sourceTree = "<group>"; };
		D58D55E614F1DBF000166776 /* en */ = {isa = PBXFileReference; lastKnownFileType = text.plist.strings; name = en; path = en.lproj/InfoPlist.strings; sourceTree = "<group>"; };
		D58D55E814F1DBF000166776 /* main.m */ = {isa = PBXFileReference; lastKnownFileType = sourcecode.c.objc; path = main.m; sourceTree = "<group>"; };
		D58D55EA14F1DBF000166776 /* RFUI Example-Prefix.pch */ = {isa = PBXFileReference; lastKnownFileType = sourcecode.c.h; path = "RFUI Example-Prefix.pch"; sourceTree = "<group>"; };
		D58D55EB14F1DBF000166776 /* AppDelegate.h */ = {isa = PBXFileReference; lastKnownFileType = sourcecode.c.h; path = AppDelegate.h; sourceTree = "<group>"; };
		D58D55EC14F1DBF000166776 /* AppDelegate.m */ = {isa = PBXFileReference; lastKnownFileType = sourcecode.c.objc; path = AppDelegate.m; sourceTree = "<group>"; };
		D58D55EE14F1DBF000166776 /* ViewController.h */ = {isa = PBXFileReference; lastKnownFileType = sourcecode.c.h; path = ViewController.h; sourceTree = "<group>"; };
		D58D55EF14F1DBF000166776 /* ViewController.m */ = {isa = PBXFileReference; lastKnownFileType = sourcecode.c.objc; path = ViewController.m; sourceTree = "<group>"; };
		D58D55F214F1DBF000166776 /* en */ = {isa = PBXFileReference; lastKnownFileType = file.xib; name = en; path = en.lproj/ViewController.xib; sourceTree = "<group>"; };
		D58D55F914F1DBF000166776 /* RFUI ExampleTests.octest */ = {isa = PBXFileReference; explicitFileType = wrapper.cfbundle; includeInIndex = 0; path = "RFUI ExampleTests.octest"; sourceTree = BUILT_PRODUCTS_DIR; };
		D58D55FA14F1DBF000166776 /* SenTestingKit.framework */ = {isa = PBXFileReference; lastKnownFileType = wrapper.framework; name = SenTestingKit.framework; path = Library/Frameworks/SenTestingKit.framework; sourceTree = DEVELOPER_DIR; };
		D58D560214F1DBF000166776 /* RFUI ExampleTests-Info.plist */ = {isa = PBXFileReference; lastKnownFileType = text.plist.xml; path = "RFUI ExampleTests-Info.plist"; sourceTree = "<group>"; };
		D58D560414F1DBF000166776 /* en */ = {isa = PBXFileReference; lastKnownFileType = text.plist.strings; name = en; path = en.lproj/InfoPlist.strings; sourceTree = "<group>"; };
		D58D560614F1DBF000166776 /* RFUI_ExampleTests.h */ = {isa = PBXFileReference; lastKnownFileType = sourcecode.c.h; path = RFUI_ExampleTests.h; sourceTree = "<group>"; };
		D58D560714F1DBF000166776 /* RFUI_ExampleTests.m */ = {isa = PBXFileReference; lastKnownFileType = sourcecode.c.objc; path = RFUI_ExampleTests.m; sourceTree = "<group>"; };
		D5A9D72F14F87F4800427DB7 /* RFMath.h */ = {isa = PBXFileReference; fileEncoding = 4; lastKnownFileType = sourcecode.c.h; name = RFMath.h; path = ../../../RFKit/RFMath.h; sourceTree = "<group>"; };
		D5A9D73114F8807100427DB7 /* RFMath.m */ = {isa = PBXFileReference; fileEncoding = 4; lastKnownFileType = sourcecode.c.objc; name = RFMath.m; path = ../../../RFKit/RFMath.m; sourceTree = "<group>"; };
		D5A9D73414F8AA7B00427DB7 /* QuartzCore.framework */ = {isa = PBXFileReference; lastKnownFileType = wrapper.framework; name = QuartzCore.framework; path = System/Library/Frameworks/QuartzCore.framework; sourceTree = SDKROOT; };
		D5EF23C214F1DFA3000EEB36 /* SidePanel-bg.png */ = {isa = PBXFileReference; lastKnownFileType = image.png; path = "SidePanel-bg.png"; sourceTree = "<group>"; };
		D5EF23C314F1DFA3000EEB36 /* SidePanel-off.active.png */ = {isa = PBXFileReference; lastKnownFileType = image.png; path = "SidePanel-off.active.png"; sourceTree = "<group>"; };
		D5EF23C414F1DFA3000EEB36 /* SidePanel-off.png */ = {isa = PBXFileReference; lastKnownFileType = image.png; path = "SidePanel-off.png"; sourceTree = "<group>"; };
		D5EF23C514F1DFA3000EEB36 /* SidePanel-on.active.png */ = {isa = PBXFileReference; lastKnownFileType = image.png; path = "SidePanel-on.active.png"; sourceTree = "<group>"; };
		D5EF23C614F1DFA3000EEB36 /* SidePanel-on.png */ = {isa = PBXFileReference; lastKnownFileType = image.png; path = "SidePanel-on.png"; sourceTree = "<group>"; };
		D5EF23C714F1DFA3000EEB36 /* RFSidePanel.h */ = {isa = PBXFileReference; fileEncoding = 4; lastKnownFileType = sourcecode.c.h; path = RFSidePanel.h; sourceTree = "<group>"; };
		D5EF23C814F1DFA3000EEB36 /* RFSidePanel.m */ = {isa = PBXFileReference; fileEncoding = 4; lastKnownFileType = sourcecode.c.objc; path = RFSidePanel.m; sourceTree = "<group>"; };
		D5EF23C914F1DFA3000EEB36 /* RFSidePanel.xib */ = {isa = PBXFileReference; fileEncoding = 4; lastKnownFileType = file.xib; path = RFSidePanel.xib; sourceTree = "<group>"; };
		D5EF23E114F1E144000EEB36 /* RFConstants.h */ = {isa = PBXFileReference; fileEncoding = 4; lastKnownFileType = sourcecode.c.h; name = RFConstants.h; path = ../../../RFConstants.h; sourceTree = "<group>"; };
		D5EF23E414F1E55D000EEB36 /* dout.h */ = {isa = PBXFileReference; fileEncoding = 4; lastKnownFileType = sourcecode.c.h; name = dout.h; path = ../../../RFKit/dout.h; sourceTree = "<group>"; };
		D5EF23E514F1E55D000EEB36 /* dout.m */ = {isa = PBXFileReference; fileEncoding = 4; lastKnownFileType = sourcecode.c.objc; name = dout.m; path = ../../../RFKit/dout.m; sourceTree = "<group>"; };
		D5EF23E914F1E55D000EEB36 /* RFKit.h */ = {isa = PBXFileReference; fileEncoding = 4; lastKnownFileType = sourcecode.c.h; name = RFKit.h; path = ../../../RFKit/RFKit.h; sourceTree = "<group>"; };
		D5EF23EA14F1E55D000EEB36 /* RFKit.m */ = {isa = PBXFileReference; fileEncoding = 4; lastKnownFileType = sourcecode.c.objc; name = RFKit.m; path = ../../../RFKit/RFKit.m; sourceTree = "<group>"; };
		D5EF23F614F1EE63000EEB36 /* RFImageTimeTunnel.h */ = {isa = PBXFileReference; fileEncoding = 4; lastKnownFileType = sourcecode.c.h; name = RFImageTimeTunnel.h; path = ../../../RFImageTimeTunnel/RFImageTimeTunnel.h; sourceTree = "<group>"; };
		D5EF23F714F1EE63000EEB36 /* RFImageTimeTunnel.m */ = {isa = PBXFileReference; fileEncoding = 4; lastKnownFileType = sourcecode.c.objc; name = RFImageTimeTunnel.m; path = ../../../RFImageTimeTunnel/RFImageTimeTunnel.m; sourceTree = "<group>"; };
		D5EF23F814F1EE63000EEB36 /* RFImageTimeTunnel.xib */ = {isa = PBXFileReference; fileEncoding = 4; lastKnownFileType = file.xib; name = RFImageTimeTunnel.xib; path = ../../../RFImageTimeTunnel/RFImageTimeTunnel.xib; sourceTree = "<group>"; };
/* End PBXFileReference section */

/* Begin PBXFrameworksBuildPhase section */
		D58D55D514F1DBF000166776 /* Frameworks */ = {
			isa = PBXFrameworksBuildPhase;
			buildActionMask = 2147483647;
			files = (
				D58D55DD14F1DBF000166776 /* UIKit.framework in Frameworks */,
				D58D55DF14F1DBF000166776 /* Foundation.framework in Frameworks */,
				D5A9D73514F8AA7B00427DB7 /* QuartzCore.framework in Frameworks */,
				D58D55E114F1DBF000166776 /* CoreGraphics.framework in Frameworks */,
			);
			runOnlyForDeploymentPostprocessing = 0;
		};
		D58D55F514F1DBF000166776 /* Frameworks */ = {
			isa = PBXFrameworksBuildPhase;
			buildActionMask = 2147483647;
			files = (
				D58D55FB14F1DBF000166776 /* SenTestingKit.framework in Frameworks */,
				D58D55FC14F1DBF000166776 /* UIKit.framework in Frameworks */,
				D58D55FD14F1DBF000166776 /* Foundation.framework in Frameworks */,
			);
			runOnlyForDeploymentPostprocessing = 0;
		};
/* End PBXFrameworksBuildPhase section */

/* Begin PBXGroup section */
		D562798514F369D8006CE0E4 /* RFPageRreviewNavigater */ = {
			isa = PBXGroup;
			children = (
				D562799014F3A29F006CE0E4 /* RFPageNavigator.h */,
				D562799114F3A29F006CE0E4 /* RFPageNavigator.m */,
				D562799214F3A29F006CE0E4 /* RFPageNavigator.xib */,
			);
			name = RFPageRreviewNavigater;
			sourceTree = "<group>";
		};
		D56F884B14F202D1009D8F80 /* Recource */ = {
			isa = PBXGroup;
			children = (
				D578895914FB7BF600722D54 /* Untitled-0.jpg */,
				D578895A14FB7BF600722D54 /* Untitled-1.jpg */,
				D56F885E14F241FA009D8F80 /* IMG_1175.jpg */,
				D56F884C14F202D1009D8F80 /* IMG_1184.jpg */,
				D56F884D14F202D1009D8F80 /* IMG_1231.jpg */,
				D56F884E14F202D1009D8F80 /* IMG_1242.jpg */,
				D56F884F14F202D1009D8F80 /* IMG_1244.jpg */,
				D500B8E214F4F19400572346 /* View1.xib */,
				D500B8E514F4F1A900572346 /* View2.xib */,
			);
			name = Recource;
			path = ../../Image;
			sourceTree = "<group>";
		};
		D58D55CD14F1DBF000166776 = {
			isa = PBXGroup;
			children = (
				D58D55E214F1DBF000166776 /* Example App */,
				D58D561114F1DC7000166776 /* RFUI */,
				D58D561214F1DC8200166776 /* RFKit */,
				D58D560014F1DBF000166776 /* Tests */,
				D58D55DB14F1DBF000166776 /* Frameworks */,
				D58D55D914F1DBF000166776 /* Products */,
			);
			sourceTree = "<group>";
		};
		D58D55D914F1DBF000166776 /* Products */ = {
			isa = PBXGroup;
			children = (
				D58D55D814F1DBF000166776 /* RFUI Example.app */,
				D58D55F914F1DBF000166776 /* RFUI ExampleTests.octest */,
			);
			name = Products;
			sourceTree = "<group>";
		};
		D58D55DB14F1DBF000166776 /* Frameworks */ = {
			isa = PBXGroup;
			children = (
				D58D55E014F1DBF000166776 /* CoreGraphics.framework */,
				D58D55DE14F1DBF000166776 /* Foundation.framework */,
				D5A9D73414F8AA7B00427DB7 /* QuartzCore.framework */,
				D58D55FA14F1DBF000166776 /* SenTestingKit.framework */,
				D58D55DC14F1DBF000166776 /* UIKit.framework */,
			);
			name = Frameworks;
			sourceTree = "<group>";
		};
		D58D55E214F1DBF000166776 /* Example App */ = {
			isa = PBXGroup;
			children = (
				D58D55EB14F1DBF000166776 /* AppDelegate.h */,
				D58D55EE14F1DBF000166776 /* ViewController.h */,
				D58D55EC14F1DBF000166776 /* AppDelegate.m */,
				D58D55EF14F1DBF000166776 /* ViewController.m */,
				D58D55F114F1DBF000166776 /* ViewController.xib */,
				D56F884B14F202D1009D8F80 /* Recource */,
				D58D55E314F1DBF000166776 /* Supporting Files */,
				D520C52314F78DAB00D2F63B /* TouchImage.h */,
				D520C52414F78DAB00D2F63B /* TouchImage.m */,
			);
			name = "Example App";
			path = "RFUI Example";
			sourceTree = "<group>";
		};
		D58D55E314F1DBF000166776 /* Supporting Files */ = {
			isa = PBXGroup;
			children = (
				D58D55E814F1DBF000166776 /* main.m */,
				D58D55EA14F1DBF000166776 /* RFUI Example-Prefix.pch */,
				D58D55E414F1DBF000166776 /* RFUI Example-Info.plist */,
				D58D55E514F1DBF000166776 /* InfoPlist.strings */,
			);
			name = "Supporting Files";
			sourceTree = "<group>";
		};
		D58D560014F1DBF000166776 /* Tests */ = {
			isa = PBXGroup;
			children = (
				D58D560614F1DBF000166776 /* RFUI_ExampleTests.h */,
				D58D560714F1DBF000166776 /* RFUI_ExampleTests.m */,
				D58D560114F1DBF000166776 /* Supporting Files */,
			);
			name = Tests;
			path = "RFUI ExampleTests";
			sourceTree = SOURCE_ROOT;
		};
		D58D560114F1DBF000166776 /* Supporting Files */ = {
			isa = PBXGroup;
			children = (
				D58D560214F1DBF000166776 /* RFUI ExampleTests-Info.plist */,
				D58D560314F1DBF000166776 /* InfoPlist.strings */,
			);
			name = "Supporting Files";
			sourceTree = "<group>";
		};
		D58D561114F1DC7000166776 /* RFUI */ = {
			isa = PBXGroup;
			children = (
				D5EF23E114F1E144000EEB36 /* RFConstants.h */,
				D5EF23F514F1EDEB000EEB36 /* RFImageTimeTunnel */,
				D562798514F369D8006CE0E4 /* RFPageRreviewNavigater */,
				D5EF23C114F1DFA3000EEB36 /* RFSidePanel */,
			);
			name = RFUI;
			path = "RFUI Example";
			sourceTree = "<group>";
		};
		D58D561214F1DC8200166776 /* RFKit */ = {
			isa = PBXGroup;
			children = (
				D5EF23E414F1E55D000EEB36 /* dout.h */,
				D5EF23E514F1E55D000EEB36 /* dout.m */,
				D5EF23E914F1E55D000EEB36 /* RFKit.h */,
				D5EF23EA14F1E55D000EEB36 /* RFKit.m */,
				D5A9D72F14F87F4800427DB7 /* RFMath.h */,
				D5A9D73114F8807100427DB7 /* RFMath.m */,
			);
			name = RFKit;
			sourceTree = "<group>";
		};
		D5EF23C114F1DFA3000EEB36 /* RFSidePanel */ = {
			isa = PBXGroup;
			children = (
				D5EF23C714F1DFA3000EEB36 /* RFSidePanel.h */,
				D5EF23C814F1DFA3000EEB36 /* RFSidePanel.m */,
				D5EF23C214F1DFA3000EEB36 /* SidePanel-bg.png */,
				D5EF23C314F1DFA3000EEB36 /* SidePanel-off.active.png */,
				D5EF23C414F1DFA3000EEB36 /* SidePanel-off.png */,
				D5EF23C514F1DFA3000EEB36 /* SidePanel-on.active.png */,
				D5EF23C614F1DFA3000EEB36 /* SidePanel-on.png */,
				D5EF23C914F1DFA3000EEB36 /* RFSidePanel.xib */,
			);
			name = RFSidePanel;
			path = ../../../RFSidePanel;
			sourceTree = "<group>";
		};
		D5EF23F514F1EDEB000EEB36 /* RFImageTimeTunnel */ = {
			isa = PBXGroup;
			children = (
				D5EF23F614F1EE63000EEB36 /* RFImageTimeTunnel.h */,
				D5EF23F714F1EE63000EEB36 /* RFImageTimeTunnel.m */,
				D5EF23F814F1EE63000EEB36 /* RFImageTimeTunnel.xib */,
			);
			name = RFImageTimeTunnel;
			sourceTree = "<group>";
		};
/* End PBXGroup section */

/* Begin PBXNativeTarget section */
		D58D55D714F1DBF000166776 /* RFUI Example */ = {
			isa = PBXNativeTarget;
			buildConfigurationList = D58D560B14F1DBF000166776 /* Build configuration list for PBXNativeTarget "RFUI Example" */;
			buildPhases = (
				D58D55D414F1DBF000166776 /* Sources */,
				D58D55D514F1DBF000166776 /* Frameworks */,
				D58D55D614F1DBF000166776 /* Resources */,
			);
			buildRules = (
			);
			dependencies = (
			);
			name = "RFUI Example";
			productName = "RFUI Example";
			productReference = D58D55D814F1DBF000166776 /* RFUI Example.app */;
			productType = "com.apple.product-type.application";
		};
		D58D55F814F1DBF000166776 /* RFUI ExampleTests */ = {
			isa = PBXNativeTarget;
			buildConfigurationList = D58D560E14F1DBF000166776 /* Build configuration list for PBXNativeTarget "RFUI ExampleTests" */;
			buildPhases = (
				D58D55F414F1DBF000166776 /* Sources */,
				D58D55F514F1DBF000166776 /* Frameworks */,
				D58D55F614F1DBF000166776 /* Resources */,
				D58D55F714F1DBF000166776 /* ShellScript */,
			);
			buildRules = (
			);
			dependencies = (
				D58D55FF14F1DBF000166776 /* PBXTargetDependency */,
			);
			name = "RFUI ExampleTests";
			productName = "RFUI ExampleTests";
			productReference = D58D55F914F1DBF000166776 /* RFUI ExampleTests.octest */;
			productType = "com.apple.product-type.bundle";
		};
/* End PBXNativeTarget section */

/* Begin PBXProject section */
		D58D55CF14F1DBF000166776 /* Project object */ = {
			isa = PBXProject;
			attributes = {
				LastUpgradeCheck = 0420;
			};
			buildConfigurationList = D58D55D214F1DBF000166776 /* Build configuration list for PBXProject "RFUI Example" */;
			compatibilityVersion = "Xcode 3.2";
			developmentRegion = English;
			hasScannedForEncodings = 0;
			knownRegions = (
				en,
			);
			mainGroup = D58D55CD14F1DBF000166776;
			productRefGroup = D58D55D914F1DBF000166776 /* Products */;
			projectDirPath = "";
			projectRoot = "";
			targets = (
				D58D55D714F1DBF000166776 /* RFUI Example */,
				D58D55F814F1DBF000166776 /* RFUI ExampleTests */,
			);
		};
/* End PBXProject section */

/* Begin PBXResourcesBuildPhase section */
		D58D55D614F1DBF000166776 /* Resources */ = {
			isa = PBXResourcesBuildPhase;
			buildActionMask = 2147483647;
			files = (
				D58D55E714F1DBF000166776 /* InfoPlist.strings in Resources */,
				D58D55F314F1DBF000166776 /* ViewController.xib in Resources */,
				D5EF23CA14F1DFA3000EEB36 /* SidePanel-bg.png in Resources */,
				D5EF23CC14F1DFA3000EEB36 /* SidePanel-off.active.png in Resources */,
				D5EF23CE14F1DFA3000EEB36 /* SidePanel-off.png in Resources */,
				D5EF23D014F1DFA3000EEB36 /* SidePanel-on.active.png in Resources */,
				D5EF23D214F1DFA3000EEB36 /* SidePanel-on.png in Resources */,
				D5EF23D614F1DFA3000EEB36 /* RFSidePanel.xib in Resources */,
				D5EF23FB14F1EE63000EEB36 /* RFImageTimeTunnel.xib in Resources */,
				D56F885014F202D1009D8F80 /* IMG_1184.jpg in Resources */,
				D56F885214F202D1009D8F80 /* IMG_1231.jpg in Resources */,
				D56F885414F202D1009D8F80 /* IMG_1242.jpg in Resources */,
				D56F885614F202D1009D8F80 /* IMG_1244.jpg in Resources */,
				D56F885F14F241FA009D8F80 /* IMG_1175.jpg in Resources */,
				D562799514F3A29F006CE0E4 /* RFPageNavigator.xib in Resources */,
				D500B8E314F4F19400572346 /* View1.xib in Resources */,
				D500B8E614F4F1A900572346 /* View2.xib in Resources */,
				D578895B14FB7BF600722D54 /* Untitled-0.jpg in Resources */,
				D578895C14FB7BF600722D54 /* Untitled-1.jpg in Resources */,
			);
			runOnlyForDeploymentPostprocessing = 0;
		};
		D58D55F614F1DBF000166776 /* Resources */ = {
			isa = PBXResourcesBuildPhase;
			buildActionMask = 2147483647;
			files = (
				D58D560514F1DBF000166776 /* InfoPlist.strings in Resources */,
				D5EF23CB14F1DFA3000EEB36 /* SidePanel-bg.png in Resources */,
				D5EF23CD14F1DFA3000EEB36 /* SidePanel-off.active.png in Resources */,
				D5EF23CF14F1DFA3000EEB36 /* SidePanel-off.png in Resources */,
				D5EF23D114F1DFA3000EEB36 /* SidePanel-on.active.png in Resources */,
				D5EF23D314F1DFA3000EEB36 /* SidePanel-on.png in Resources */,
				D5EF23D714F1DFA3000EEB36 /* RFSidePanel.xib in Resources */,
				D5EF23FC14F1EE63000EEB36 /* RFImageTimeTunnel.xib in Resources */,
				D56F885114F202D1009D8F80 /* IMG_1184.jpg in Resources */,
				D56F885314F202D1009D8F80 /* IMG_1231.jpg in Resources */,
				D56F885514F202D1009D8F80 /* IMG_1242.jpg in Resources */,
				D56F885714F202D1009D8F80 /* IMG_1244.jpg in Resources */,
				D56F886014F241FA009D8F80 /* IMG_1175.jpg in Resources */,
				D562799614F3A29F006CE0E4 /* RFPageNavigator.xib in Resources */,
				D500B8E414F4F19400572346 /* View1.xib in Resources */,
				D500B8E714F4F1A900572346 /* View2.xib in Resources */,
			);
			runOnlyForDeploymentPostprocessing = 0;
		};
/* End PBXResourcesBuildPhase section */

/* Begin PBXShellScriptBuildPhase section */
		D58D55F714F1DBF000166776 /* ShellScript */ = {
			isa = PBXShellScriptBuildPhase;
			buildActionMask = 2147483647;
			files = (
			);
			inputPaths = (
			);
			outputPaths = (
			);
			runOnlyForDeploymentPostprocessing = 0;
			shellPath = /bin/sh;
			shellScript = "# Run the unit tests in this test bundle.\n\"${SYSTEM_DEVELOPER_DIR}/Tools/RunUnitTests\"\n";
		};
/* End PBXShellScriptBuildPhase section */

/* Begin PBXSourcesBuildPhase section */
		D58D55D414F1DBF000166776 /* Sources */ = {
			isa = PBXSourcesBuildPhase;
			buildActionMask = 2147483647;
			files = (
				D58D55E914F1DBF000166776 /* main.m in Sources */,
				D58D55ED14F1DBF000166776 /* AppDelegate.m in Sources */,
				D58D55F014F1DBF000166776 /* ViewController.m in Sources */,
				D5EF23D414F1DFA3000EEB36 /* RFSidePanel.m in Sources */,
				D5EF23ED14F1E55D000EEB36 /* dout.m in Sources */,
				D5EF23F314F1E55D000EEB36 /* RFKit.m in Sources */,
				D5EF23F914F1EE63000EEB36 /* RFImageTimeTunnel.m in Sources */,
				D562799314F3A29F006CE0E4 /* RFPageNavigator.m in Sources */,
				D520C52514F78DAB00D2F63B /* TouchImage.m in Sources */,
				D5A9D73214F8807100427DB7 /* RFMath.m in Sources */,
			);
			runOnlyForDeploymentPostprocessing = 0;
		};
		D58D55F414F1DBF000166776 /* Sources */ = {
			isa = PBXSourcesBuildPhase;
			buildActionMask = 2147483647;
			files = (
				D58D560814F1DBF000166776 /* RFUI_ExampleTests.m in Sources */,
				D5EF23D514F1DFA3000EEB36 /* RFSidePanel.m in Sources */,
				D5EF23EE14F1E55D000EEB36 /* dout.m in Sources */,
				D5EF23F414F1E55D000EEB36 /* RFKit.m in Sources */,
				D5EF23FA14F1EE63000EEB36 /* RFImageTimeTunnel.m in Sources */,
				D562799414F3A29F006CE0E4 /* RFPageNavigator.m in Sources */,
				D5A9D73314F8807100427DB7 /* RFMath.m in Sources */,
			);
			runOnlyForDeploymentPostprocessing = 0;
		};
/* End PBXSourcesBuildPhase section */

/* Begin PBXTargetDependency section */
		D58D55FF14F1DBF000166776 /* PBXTargetDependency */ = {
			isa = PBXTargetDependency;
			target = D58D55D714F1DBF000166776 /* RFUI Example */;
			targetProxy = D58D55FE14F1DBF000166776 /* PBXContainerItemProxy */;
		};
/* End PBXTargetDependency section */

/* Begin PBXVariantGroup section */
		D58D55E514F1DBF000166776 /* InfoPlist.strings */ = {
			isa = PBXVariantGroup;
			children = (
				D58D55E614F1DBF000166776 /* en */,
			);
			name = InfoPlist.strings;
			sourceTree = "<group>";
		};
		D58D55F114F1DBF000166776 /* ViewController.xib */ = {
			isa = PBXVariantGroup;
			children = (
				D58D55F214F1DBF000166776 /* en */,
			);
			name = ViewController.xib;
			sourceTree = "<group>";
		};
		D58D560314F1DBF000166776 /* InfoPlist.strings */ = {
			isa = PBXVariantGroup;
			children = (
				D58D560414F1DBF000166776 /* en */,
			);
			name = InfoPlist.strings;
			sourceTree = "<group>";
		};
/* End PBXVariantGroup section */

/* Begin XCBuildConfiguration section */
		D58D560914F1DBF000166776 /* Debug */ = {
			isa = XCBuildConfiguration;
			buildSettings = {
				ALWAYS_SEARCH_USER_PATHS = NO;
				ARCHS = "$(ARCHS_STANDARD_32_BIT)";
				CLANG_ENABLE_OBJC_ARC = YES;
				"CODE_SIGN_IDENTITY[sdk=iphoneos*]" = "iPhone Developer";
				COPY_PHASE_STRIP = NO;
				GCC_C_LANGUAGE_STANDARD = gnu99;
				GCC_DYNAMIC_NO_PIC = NO;
				GCC_OPTIMIZATION_LEVEL = 0;
				GCC_PREPROCESSOR_DEFINITIONS = (
					"DEBUG=1",
					"$(inherited)",
				);
				GCC_SYMBOLS_PRIVATE_EXTERN = NO;
				GCC_VERSION = com.apple.compilers.llvm.clang.1_0;
				GCC_WARN_ABOUT_MISSING_PROTOTYPES = YES;
				GCC_WARN_ABOUT_RETURN_TYPE = YES;
				GCC_WARN_UNUSED_VARIABLE = YES;
				IPHONEOS_DEPLOYMENT_TARGET = 4.3;
				SDKROOT = iphoneos;
				TARGETED_DEVICE_FAMILY = 2;
			};
			name = Debug;
		};
		D58D560A14F1DBF000166776 /* Release */ = {
			isa = XCBuildConfiguration;
			buildSettings = {
				ALWAYS_SEARCH_USER_PATHS = NO;
				ARCHS = "$(ARCHS_STANDARD_32_BIT)";
				CLANG_ENABLE_OBJC_ARC = YES;
				"CODE_SIGN_IDENTITY[sdk=iphoneos*]" = "iPhone Developer";
				COPY_PHASE_STRIP = YES;
				GCC_C_LANGUAGE_STANDARD = gnu99;
				GCC_VERSION = com.apple.compilers.llvm.clang.1_0;
				GCC_WARN_ABOUT_MISSING_PROTOTYPES = YES;
				GCC_WARN_ABOUT_RETURN_TYPE = YES;
				GCC_WARN_UNUSED_VARIABLE = YES;
				IPHONEOS_DEPLOYMENT_TARGET = 4.3;
				OTHER_CFLAGS = "-DNS_BLOCK_ASSERTIONS=1";
				SDKROOT = iphoneos;
				TARGETED_DEVICE_FAMILY = 2;
				VALIDATE_PRODUCT = YES;
			};
			name = Release;
		};
		D58D560C14F1DBF000166776 /* Debug */ = {
			isa = XCBuildConfiguration;
			buildSettings = {
				CODE_SIGN_IDENTITY = "iPhone Developer: jiuzhou zhao (MJ2XNPK8UG)";
				GCC_PRECOMPILE_PREFIX_HEADER = YES;
				GCC_PREFIX_HEADER = "RFUI Example/RFUI Example-Prefix.pch";
				INFOPLIST_FILE = "RFUI Example/RFUI Example-Info.plist";
				IPHONEOS_DEPLOYMENT_TARGET = 4.3;
				PRODUCT_NAME = "$(TARGET_NAME)";
				PROVISIONING_PROFILE = "6035374A-EB89-402B-9D6E-739CD771AAD7";
				TARGETED_DEVICE_FAMILY = "1,2";
				WRAPPER_EXTENSION = app;
			};
			name = Debug;
		};
		D58D560D14F1DBF000166776 /* Release */ = {
			isa = XCBuildConfiguration;
			buildSettings = {
				CODE_SIGN_IDENTITY = "iPhone Developer";
				GCC_PRECOMPILE_PREFIX_HEADER = YES;
				GCC_PREFIX_HEADER = "RFUI Example/RFUI Example-Prefix.pch";
				INFOPLIST_FILE = "RFUI Example/RFUI Example-Info.plist";
				IPHONEOS_DEPLOYMENT_TARGET = 4.3;
				PRODUCT_NAME = "$(TARGET_NAME)";
				PROVISIONING_PROFILE = "";
				TARGETED_DEVICE_FAMILY = "1,2";
				WRAPPER_EXTENSION = app;
			};
			name = Release;
		};
		D58D560F14F1DBF000166776 /* Debug */ = {
			isa = XCBuildConfiguration;
			buildSettings = {
				BUNDLE_LOADER = "$(BUILT_PRODUCTS_DIR)/RFUI Example.app/RFUI Example";
				FRAMEWORK_SEARCH_PATHS = (
					"$(SDKROOT)/Developer/Library/Frameworks",
					"$(DEVELOPER_LIBRARY_DIR)/Frameworks",
				);
				GCC_PRECOMPILE_PREFIX_HEADER = YES;
				GCC_PREFIX_HEADER = "RFUI Example/RFUI Example-Prefix.pch";
				INFOPLIST_FILE = "RFUI ExampleTests/RFUI ExampleTests-Info.plist";
				PRODUCT_NAME = "$(TARGET_NAME)";
				TEST_HOST = "$(BUNDLE_LOADER)";
				WRAPPER_EXTENSION = octest;
			};
			name = Debug;
		};
		D58D561014F1DBF000166776 /* Release */ = {
			isa = XCBuildConfiguration;
			buildSettings = {
				BUNDLE_LOADER = "$(BUILT_PRODUCTS_DIR)/RFUI Example.app/RFUI Example";
				FRAMEWORK_SEARCH_PATHS = (
					"$(SDKROOT)/Developer/Library/Frameworks",
					"$(DEVELOPER_LIBRARY_DIR)/Frameworks",
				);
				GCC_PRECOMPILE_PREFIX_HEADER = YES;
				GCC_PREFIX_HEADER = "RFUI Example/RFUI Example-Prefix.pch";
				INFOPLIST_FILE = "RFUI ExampleTests/RFUI ExampleTests-Info.plist";
				PRODUCT_NAME = "$(TARGET_NAME)";
				TEST_HOST = "$(BUNDLE_LOADER)";
				WRAPPER_EXTENSION = octest;
			};
			name = Release;
		};
/* End XCBuildConfiguration section */

/* Begin XCConfigurationList section */
		D58D55D214F1DBF000166776 /* Build configuration list for PBXProject "RFUI Example" */ = {
			isa = XCConfigurationList;
			buildConfigurations = (
				D58D560914F1DBF000166776 /* Debug */,
				D58D560A14F1DBF000166776 /* Release */,
			);
			defaultConfigurationIsVisible = 0;
			defaultConfigurationName = Release;
		};
		D58D560B14F1DBF000166776 /* Build configuration list for PBXNativeTarget "RFUI Example" */ = {
			isa = XCConfigurationList;
			buildConfigurations = (
				D58D560C14F1DBF000166776 /* Debug */,
				D58D560D14F1DBF000166776 /* Release */,
			);
			defaultConfigurationIsVisible = 0;
			defaultConfigurationName = Release;
		};
		D58D560E14F1DBF000166776 /* Build configuration list for PBXNativeTarget "RFUI ExampleTests" */ = {
			isa = XCConfigurationList;
			buildConfigurations = (
				D58D560F14F1DBF000166776 /* Debug */,
				D58D561014F1DBF000166776 /* Release */,
			);
			defaultConfigurationIsVisible = 0;
			defaultConfigurationName = Release;
		};
/* End XCConfigurationList section */
	};
	rootObject = D58D55CF14F1DBF000166776 /* Project object */;
}
